// !$*UTF8*$!
{
	archiveVersion = 1;
	classes = {
	};
	objectVersion = 46;
	objects = {

/* Begin PBXBuildFile section */
		617FEBED1C0CCB86007FC29A /* NFXStatisticsController.swift in Sources */ = {isa = PBXBuildFile; fileRef = 617FEBEC1C0CCB86007FC29A /* NFXStatisticsController.swift */; };
		B3BC02281C09CEF700C17F3A /* NFX.swift in Sources */ = {isa = PBXBuildFile; fileRef = B3BC021A1C09CEF700C17F3A /* NFX.swift */; };
		B3BC02291C09CEF700C17F3A /* NFXAssets.swift in Sources */ = {isa = PBXBuildFile; fileRef = B3BC021B1C09CEF700C17F3A /* NFXAssets.swift */; };
		B3BC022A1C09CEF700C17F3A /* NFXDetailsController.swift in Sources */ = {isa = PBXBuildFile; fileRef = B3BC021C1C09CEF700C17F3A /* NFXDetailsController.swift */; };
		B3BC022B1C09CEF700C17F3A /* NFXGenericBodyDetailsController.swift in Sources */ = {isa = PBXBuildFile; fileRef = B3BC021D1C09CEF700C17F3A /* NFXGenericBodyDetailsController.swift */; };
		B3BC022C1C09CEF700C17F3A /* NFXGenericController.swift in Sources */ = {isa = PBXBuildFile; fileRef = B3BC021E1C09CEF700C17F3A /* NFXGenericController.swift */; };
		B3BC022D1C09CEF700C17F3A /* NFXHelper.swift in Sources */ = {isa = PBXBuildFile; fileRef = B3BC021F1C09CEF700C17F3A /* NFXHelper.swift */; };
		B3BC022E1C09CEF700C17F3A /* NFXHTTPModel.swift in Sources */ = {isa = PBXBuildFile; fileRef = B3BC02201C09CEF700C17F3A /* NFXHTTPModel.swift */; };
		B3BC022F1C09CEF700C17F3A /* NFXHTTPModelManager.swift in Sources */ = {isa = PBXBuildFile; fileRef = B3BC02211C09CEF700C17F3A /* NFXHTTPModelManager.swift */; };
		B3BC02301C09CEF700C17F3A /* NFXImageBodyDetailsController.swift in Sources */ = {isa = PBXBuildFile; fileRef = B3BC02221C09CEF700C17F3A /* NFXImageBodyDetailsController.swift */; };
		B3BC02311C09CEF700C17F3A /* NFXListCell.swift in Sources */ = {isa = PBXBuildFile; fileRef = B3BC02231C09CEF700C17F3A /* NFXListCell.swift */; };
		B3BC02321C09CEF700C17F3A /* NFXListController.swift in Sources */ = {isa = PBXBuildFile; fileRef = B3BC02241C09CEF700C17F3A /* NFXListController.swift */; };
		B3BC02331C09CEF700C17F3A /* NFXProtocol.swift in Sources */ = {isa = PBXBuildFile; fileRef = B3BC02251C09CEF700C17F3A /* NFXProtocol.swift */; };
		B3BC02341C09CEF700C17F3A /* NFXRawBodyDetailsController.swift in Sources */ = {isa = PBXBuildFile; fileRef = B3BC02261C09CEF700C17F3A /* NFXRawBodyDetailsController.swift */; };
		B3BC02351C09CEF700C17F3A /* NFXSettingsController.swift in Sources */ = {isa = PBXBuildFile; fileRef = B3BC02271C09CEF700C17F3A /* NFXSettingsController.swift */; };
/* End PBXBuildFile section */

/* Begin PBXFileReference section */
		617FEBEC1C0CCB86007FC29A /* NFXStatisticsController.swift */ = {isa = PBXFileReference; fileEncoding = 4; lastKnownFileType = sourcecode.swift; name = NFXStatisticsController.swift; path = netfox/NFXStatisticsController.swift; sourceTree = "<group>"; };
		B3BC020F1C09CDA000C17F3A /* netfox.framework */ = {isa = PBXFileReference; explicitFileType = wrapper.framework; includeInIndex = 0; path = netfox.framework; sourceTree = BUILT_PRODUCTS_DIR; };
		B3BC021A1C09CEF700C17F3A /* NFX.swift */ = {isa = PBXFileReference; lastKnownFileType = sourcecode.swift; name = NFX.swift; path = netfox/NFX.swift; sourceTree = "<group>"; };
		B3BC021B1C09CEF700C17F3A /* NFXAssets.swift */ = {isa = PBXFileReference; lastKnownFileType = sourcecode.swift; name = NFXAssets.swift; path = netfox/NFXAssets.swift; sourceTree = "<group>"; };
		B3BC021C1C09CEF700C17F3A /* NFXDetailsController.swift */ = {isa = PBXFileReference; lastKnownFileType = sourcecode.swift; name = NFXDetailsController.swift; path = netfox/NFXDetailsController.swift; sourceTree = "<group>"; };
		B3BC021D1C09CEF700C17F3A /* NFXGenericBodyDetailsController.swift */ = {isa = PBXFileReference; lastKnownFileType = sourcecode.swift; name = NFXGenericBodyDetailsController.swift; path = netfox/NFXGenericBodyDetailsController.swift; sourceTree = "<group>"; };
		B3BC021E1C09CEF700C17F3A /* NFXGenericController.swift */ = {isa = PBXFileReference; lastKnownFileType = sourcecode.swift; name = NFXGenericController.swift; path = netfox/NFXGenericController.swift; sourceTree = "<group>"; };
		B3BC021F1C09CEF700C17F3A /* NFXHelper.swift */ = {isa = PBXFileReference; lastKnownFileType = sourcecode.swift; name = NFXHelper.swift; path = netfox/NFXHelper.swift; sourceTree = "<group>"; };
		B3BC02201C09CEF700C17F3A /* NFXHTTPModel.swift */ = {isa = PBXFileReference; lastKnownFileType = sourcecode.swift; name = NFXHTTPModel.swift; path = netfox/NFXHTTPModel.swift; sourceTree = "<group>"; };
		B3BC02211C09CEF700C17F3A /* NFXHTTPModelManager.swift */ = {isa = PBXFileReference; lastKnownFileType = sourcecode.swift; name = NFXHTTPModelManager.swift; path = netfox/NFXHTTPModelManager.swift; sourceTree = "<group>"; };
		B3BC02221C09CEF700C17F3A /* NFXImageBodyDetailsController.swift */ = {isa = PBXFileReference; lastKnownFileType = sourcecode.swift; name = NFXImageBodyDetailsController.swift; path = netfox/NFXImageBodyDetailsController.swift; sourceTree = "<group>"; };
		B3BC02231C09CEF700C17F3A /* NFXListCell.swift */ = {isa = PBXFileReference; lastKnownFileType = sourcecode.swift; name = NFXListCell.swift; path = netfox/NFXListCell.swift; sourceTree = "<group>"; };
		B3BC02241C09CEF700C17F3A /* NFXListController.swift */ = {isa = PBXFileReference; lastKnownFileType = sourcecode.swift; name = NFXListController.swift; path = netfox/NFXListController.swift; sourceTree = "<group>"; };
		B3BC02251C09CEF700C17F3A /* NFXProtocol.swift */ = {isa = PBXFileReference; lastKnownFileType = sourcecode.swift; name = NFXProtocol.swift; path = netfox/NFXProtocol.swift; sourceTree = "<group>"; };
		B3BC02261C09CEF700C17F3A /* NFXRawBodyDetailsController.swift */ = {isa = PBXFileReference; lastKnownFileType = sourcecode.swift; name = NFXRawBodyDetailsController.swift; path = netfox/NFXRawBodyDetailsController.swift; sourceTree = "<group>"; };
		B3BC02271C09CEF700C17F3A /* NFXSettingsController.swift */ = {isa = PBXFileReference; lastKnownFileType = sourcecode.swift; name = NFXSettingsController.swift; path = netfox/NFXSettingsController.swift; sourceTree = "<group>"; };
/* End PBXFileReference section */

/* Begin PBXFrameworksBuildPhase section */
		B3BC020B1C09CDA000C17F3A /* Frameworks */ = {
			isa = PBXFrameworksBuildPhase;
			buildActionMask = 2147483647;
			files = (
			);
			runOnlyForDeploymentPostprocessing = 0;
		};
/* End PBXFrameworksBuildPhase section */

/* Begin PBXGroup section */
		B3BC02051C09CDA000C17F3A = {
			isa = PBXGroup;
			children = (
				617FEBEC1C0CCB86007FC29A /* NFXStatisticsController.swift */,
				B3BC021A1C09CEF700C17F3A /* NFX.swift */,
				B3BC021B1C09CEF700C17F3A /* NFXAssets.swift */,
				B3BC021C1C09CEF700C17F3A /* NFXDetailsController.swift */,
				B3BC021D1C09CEF700C17F3A /* NFXGenericBodyDetailsController.swift */,
				B3BC021E1C09CEF700C17F3A /* NFXGenericController.swift */,
				B3BC021F1C09CEF700C17F3A /* NFXHelper.swift */,
				B3BC02201C09CEF700C17F3A /* NFXHTTPModel.swift */,
				B3BC02211C09CEF700C17F3A /* NFXHTTPModelManager.swift */,
				B3BC02221C09CEF700C17F3A /* NFXImageBodyDetailsController.swift */,
				B3BC02231C09CEF700C17F3A /* NFXListCell.swift */,
				B3BC02241C09CEF700C17F3A /* NFXListController.swift */,
				B3BC02251C09CEF700C17F3A /* NFXProtocol.swift */,
				B3BC02261C09CEF700C17F3A /* NFXRawBodyDetailsController.swift */,
				B3BC02271C09CEF700C17F3A /* NFXSettingsController.swift */,
				B3BC02101C09CDA000C17F3A /* Products */,
			);
			sourceTree = "<group>";
		};
		B3BC02101C09CDA000C17F3A /* Products */ = {
			isa = PBXGroup;
			children = (
				B3BC020F1C09CDA000C17F3A /* netfox.framework */,
			);
			name = Products;
			sourceTree = "<group>";
		};
/* End PBXGroup section */

/* Begin PBXHeadersBuildPhase section */
		B3BC020C1C09CDA000C17F3A /* Headers */ = {
			isa = PBXHeadersBuildPhase;
			buildActionMask = 2147483647;
			files = (
			);
			runOnlyForDeploymentPostprocessing = 0;
		};
/* End PBXHeadersBuildPhase section */

/* Begin PBXNativeTarget section */
		B3BC020E1C09CDA000C17F3A /* netfox */ = {
			isa = PBXNativeTarget;
			buildConfigurationList = B3BC02171C09CDA000C17F3A /* Build configuration list for PBXNativeTarget "netfox" */;
			buildPhases = (
				B3BC020A1C09CDA000C17F3A /* Sources */,
				B3BC020B1C09CDA000C17F3A /* Frameworks */,
				B3BC020C1C09CDA000C17F3A /* Headers */,
				B3BC020D1C09CDA000C17F3A /* Resources */,
			);
			buildRules = (
			);
			dependencies = (
			);
			name = netfox;
			productName = netfox;
			productReference = B3BC020F1C09CDA000C17F3A /* netfox.framework */;
			productType = "com.apple.product-type.framework";
		};
/* End PBXNativeTarget section */

/* Begin PBXProject section */
		B3BC02061C09CDA000C17F3A /* Project object */ = {
			isa = PBXProject;
			attributes = {
				LastUpgradeCheck = 0710;
				ORGANIZATIONNAME = kasketis;
				TargetAttributes = {
					B3BC020E1C09CDA000C17F3A = {
						CreatedOnToolsVersion = 7.1.1;
					};
				};
			};
			buildConfigurationList = B3BC02091C09CDA000C17F3A /* Build configuration list for PBXProject "netfox" */;
			compatibilityVersion = "Xcode 3.2";
			developmentRegion = English;
			hasScannedForEncodings = 0;
			knownRegions = (
				en,
			);
			mainGroup = B3BC02051C09CDA000C17F3A;
			productRefGroup = B3BC02101C09CDA000C17F3A /* Products */;
			projectDirPath = "";
			projectRoot = "";
			targets = (
				B3BC020E1C09CDA000C17F3A /* netfox */,
			);
		};
/* End PBXProject section */

/* Begin PBXResourcesBuildPhase section */
		B3BC020D1C09CDA000C17F3A /* Resources */ = {
			isa = PBXResourcesBuildPhase;
			buildActionMask = 2147483647;
			files = (
			);
			runOnlyForDeploymentPostprocessing = 0;
		};
/* End PBXResourcesBuildPhase section */

/* Begin PBXSourcesBuildPhase section */
		B3BC020A1C09CDA000C17F3A /* Sources */ = {
			isa = PBXSourcesBuildPhase;
			buildActionMask = 2147483647;
			files = (
				B3BC02281C09CEF700C17F3A /* NFX.swift in Sources */,
				617FEBED1C0CCB86007FC29A /* NFXStatisticsController.swift in Sources */,
				B3BC02291C09CEF700C17F3A /* NFXAssets.swift in Sources */,
				B3BC022A1C09CEF700C17F3A /* NFXDetailsController.swift in Sources */,
				B3BC022B1C09CEF700C17F3A /* NFXGenericBodyDetailsController.swift in Sources */,
				B3BC022C1C09CEF700C17F3A /* NFXGenericController.swift in Sources */,
				B3BC022D1C09CEF700C17F3A /* NFXHelper.swift in Sources */,
				B3BC022E1C09CEF700C17F3A /* NFXHTTPModel.swift in Sources */,
				B3BC022F1C09CEF700C17F3A /* NFXHTTPModelManager.swift in Sources */,
				B3BC02301C09CEF700C17F3A /* NFXImageBodyDetailsController.swift in Sources */,
				B3BC02311C09CEF700C17F3A /* NFXListCell.swift in Sources */,
				B3BC02321C09CEF700C17F3A /* NFXListController.swift in Sources */,
				B3BC02331C09CEF700C17F3A /* NFXProtocol.swift in Sources */,
				B3BC02341C09CEF700C17F3A /* NFXRawBodyDetailsController.swift in Sources */,
				B3BC02351C09CEF700C17F3A /* NFXSettingsController.swift in Sources */,
			);
			runOnlyForDeploymentPostprocessing = 0;
		};
/* End PBXSourcesBuildPhase section */

/* Begin XCBuildConfiguration section */
		B3BC02151C09CDA000C17F3A /* Debug */ = {
			isa = XCBuildConfiguration;
			buildSettings = {
				ALWAYS_SEARCH_USER_PATHS = NO;
				CLANG_CXX_LANGUAGE_STANDARD = "gnu++0x";
				CLANG_CXX_LIBRARY = "libc++";
				CLANG_ENABLE_MODULES = YES;
				CLANG_ENABLE_OBJC_ARC = YES;
				CLANG_WARN_BOOL_CONVERSION = YES;
				CLANG_WARN_CONSTANT_CONVERSION = YES;
				CLANG_WARN_DIRECT_OBJC_ISA_USAGE = YES_ERROR;
				CLANG_WARN_EMPTY_BODY = YES;
				CLANG_WARN_ENUM_CONVERSION = YES;
				CLANG_WARN_INT_CONVERSION = YES;
				CLANG_WARN_OBJC_ROOT_CLASS = YES_ERROR;
				CLANG_WARN_UNREACHABLE_CODE = YES;
				CLANG_WARN__DUPLICATE_METHOD_MATCH = YES;
				"CODE_SIGN_IDENTITY[sdk=iphoneos*]" = "iPhone Developer";
				COPY_PHASE_STRIP = NO;
				CURRENT_PROJECT_VERSION = 1;
				DEBUG_INFORMATION_FORMAT = dwarf;
				ENABLE_STRICT_OBJC_MSGSEND = YES;
				ENABLE_TESTABILITY = YES;
				GCC_C_LANGUAGE_STANDARD = gnu99;
				GCC_DYNAMIC_NO_PIC = NO;
				GCC_NO_COMMON_BLOCKS = YES;
				GCC_OPTIMIZATION_LEVEL = 0;
				GCC_PREPROCESSOR_DEFINITIONS = (
					"DEBUG=1",
					"$(inherited)",
				);
				GCC_WARN_64_TO_32_BIT_CONVERSION = YES;
				GCC_WARN_ABOUT_RETURN_TYPE = YES_ERROR;
				GCC_WARN_UNDECLARED_SELECTOR = YES;
				GCC_WARN_UNINITIALIZED_AUTOS = YES_AGGRESSIVE;
				GCC_WARN_UNUSED_FUNCTION = YES;
				GCC_WARN_UNUSED_VARIABLE = YES;
				IPHONEOS_DEPLOYMENT_TARGET = 8.0;
				MTL_ENABLE_DEBUG_INFO = YES;
				ONLY_ACTIVE_ARCH = YES;
				SDKROOT = iphoneos;
				SWIFT_OPTIMIZATION_LEVEL = "-Onone";
				TARGETED_DEVICE_FAMILY = "1,2";
				VERSIONING_SYSTEM = "apple-generic";
				VERSION_INFO_PREFIX = "";
			};
			name = Debug;
		};
		B3BC02161C09CDA000C17F3A /* Release */ = {
			isa = XCBuildConfiguration;
			buildSettings = {
				ALWAYS_SEARCH_USER_PATHS = NO;
				CLANG_CXX_LANGUAGE_STANDARD = "gnu++0x";
				CLANG_CXX_LIBRARY = "libc++";
				CLANG_ENABLE_MODULES = YES;
				CLANG_ENABLE_OBJC_ARC = YES;
				CLANG_WARN_BOOL_CONVERSION = YES;
				CLANG_WARN_CONSTANT_CONVERSION = YES;
				CLANG_WARN_DIRECT_OBJC_ISA_USAGE = YES_ERROR;
				CLANG_WARN_EMPTY_BODY = YES;
				CLANG_WARN_ENUM_CONVERSION = YES;
				CLANG_WARN_INT_CONVERSION = YES;
				CLANG_WARN_OBJC_ROOT_CLASS = YES_ERROR;
				CLANG_WARN_UNREACHABLE_CODE = YES;
				CLANG_WARN__DUPLICATE_METHOD_MATCH = YES;
				"CODE_SIGN_IDENTITY[sdk=iphoneos*]" = "iPhone Developer";
				COPY_PHASE_STRIP = NO;
				CURRENT_PROJECT_VERSION = 1;
				DEBUG_INFORMATION_FORMAT = "dwarf-with-dsym";
				ENABLE_NS_ASSERTIONS = NO;
				ENABLE_STRICT_OBJC_MSGSEND = YES;
				GCC_C_LANGUAGE_STANDARD = gnu99;
				GCC_NO_COMMON_BLOCKS = YES;
				GCC_WARN_64_TO_32_BIT_CONVERSION = YES;
				GCC_WARN_ABOUT_RETURN_TYPE = YES_ERROR;
				GCC_WARN_UNDECLARED_SELECTOR = YES;
				GCC_WARN_UNINITIALIZED_AUTOS = YES_AGGRESSIVE;
				GCC_WARN_UNUSED_FUNCTION = YES;
				GCC_WARN_UNUSED_VARIABLE = YES;
				IPHONEOS_DEPLOYMENT_TARGET = 8.0;
				MTL_ENABLE_DEBUG_INFO = NO;
				SDKROOT = iphoneos;
				TARGETED_DEVICE_FAMILY = "1,2";
				VALIDATE_PRODUCT = YES;
				VERSIONING_SYSTEM = "apple-generic";
				VERSION_INFO_PREFIX = "";
			};
			name = Release;
		};
		B3BC02181C09CDA000C17F3A /* Debug */ = {
			isa = XCBuildConfiguration;
			buildSettings = {
				DEFINES_MODULE = YES;
				DYLIB_COMPATIBILITY_VERSION = 1;
				DYLIB_CURRENT_VERSION = 1;
				DYLIB_INSTALL_NAME_BASE = "@rpath";
				INFOPLIST_FILE = "netfox-info.plist";
				INSTALL_PATH = "$(LOCAL_LIBRARY_DIR)/Frameworks";
				LD_RUNPATH_SEARCH_PATHS = "$(inherited) @executable_path/Frameworks @loader_path/Frameworks";
				PRODUCT_BUNDLE_IDENTIFIER = com.kasketis.netfox;
				PRODUCT_NAME = "$(TARGET_NAME)";
				SKIP_INSTALL = YES;
			};
			name = Debug;
		};
		B3BC02191C09CDA000C17F3A /* Release */ = {
			isa = XCBuildConfiguration;
			buildSettings = {
				DEFINES_MODULE = YES;
				DYLIB_COMPATIBILITY_VERSION = 1;
				DYLIB_CURRENT_VERSION = 1;
				DYLIB_INSTALL_NAME_BASE = "@rpath";
				INFOPLIST_FILE = "netfox-info.plist";
				INSTALL_PATH = "$(LOCAL_LIBRARY_DIR)/Frameworks";
				LD_RUNPATH_SEARCH_PATHS = "$(inherited) @executable_path/Frameworks @loader_path/Frameworks";
				PRODUCT_BUNDLE_IDENTIFIER = com.kasketis.netfox;
				PRODUCT_NAME = "$(TARGET_NAME)";
				SKIP_INSTALL = YES;
			};
			name = Release;
		};
/* End XCBuildConfiguration section */

/* Begin XCConfigurationList section */
		B3BC02091C09CDA000C17F3A /* Build configuration list for PBXProject "netfox" */ = {
			isa = XCConfigurationList;
			buildConfigurations = (
				B3BC02151C09CDA000C17F3A /* Debug */,
				B3BC02161C09CDA000C17F3A /* Release */,
			);
			defaultConfigurationIsVisible = 0;
			defaultConfigurationName = Release;
		};
		B3BC02171C09CDA000C17F3A /* Build configuration list for PBXNativeTarget "netfox" */ = {
			isa = XCConfigurationList;
			buildConfigurations = (
				B3BC02181C09CDA000C17F3A /* Debug */,
				B3BC02191C09CDA000C17F3A /* Release */,
			);
			defaultConfigurationIsVisible = 0;
			defaultConfigurationName = Release;
		};
/* End XCConfigurationList section */
	};
	rootObject = B3BC02061C09CDA000C17F3A /* Project object */;
}
